
Microsoft Visual Studio Solution File, Format Version 12.00
# Visual Studio 2012
Project("{FAE04EC0-301F-11D3-BF4B-00C04F79EFBC}") = "CustomDataStructures", "CustomDataStructures\CustomDataStructures.csproj", "{CA4D4CA3-6EBE-4F59-AD34-C1090A72BBAA}"
EndProject
Project("{FAE04EC0-301F-11D3-BF4B-00C04F79EFBC}") = "CustomDataStructures.Tests", "CustomDataStructures.Tests\CustomDataStructures.Tests.csproj", "{26CE3DEF-171C-462A-93A0-F163B8F482DF}"
EndProject
Global
	GlobalSection(SolutionConfigurationPlatforms) = preSolution
		Debug|Any CPU = Debug|Any CPU
		Release|Any CPU = Release|Any CPU
	EndGlobalSection
	GlobalSection(ProjectConfigurationPlatforms) = postSolution
		{CA4D4CA3-6EBE-4F59-AD34-C1090A72BBAA}.Debug|Any CPU.ActiveCfg = Debug|Any CPU
		{CA4D4CA3-6EBE-4F59-AD34-C1090A72BBAA}.Debug|Any CPU.Build.0 = Debug|Any CPU
		{CA4D4CA3-6EBE-4F59-AD34-C1090A72BBAA}.Release|Any CPU.ActiveCfg = Release|Any CPU
		{CA4D4CA3-6EBE-4F59-AD34-C1090A72BBAA}.Release|Any CPU.Build.0 = Release|Any CPU
		{26CE3DEF-171C-462A-93A0-F163B8F482DF}.Debug|Any CPU.ActiveCfg = Debug|Any CPU
		{26CE3DEF-171C-462A-93A0-F163B8F482DF}.Debug|Any CPU.Build.0 = Debug|Any CPU
		{26CE3DEF-171C-462A-93A0-F163B8F482DF}.Release|Any CPU.ActiveCfg = Release|Any CPU
		{26CE3DEF-171C-462A-93A0-F163B8F482DF}.Release|Any CPU.Build.0 = Release|Any CPU
	EndGlobalSection
	GlobalSection(SolutionProperties) = preSolution
		HideSolutionNode = FALSE
	EndGlobalSection
EndGlobal
